
Microsoft Visual Studio Solution File, Format Version 12.00
Project("{F2A71F9B-5D33-465A-A702-920D77279786}") = "aoc-fs", "aoc-fs.fsproj", "{BA69529F-4177-495D-804A-BA923D1CFDB3}"
EndProject
Project("{F2A71F9B-5D33-465A-A702-920D77279786}") = "aoc-test", "aoc-test\aoc-test.fsproj", "{DE51E104-8301-45F6-AF03-B3C0E362AAD5}"
EndProject
Global
	GlobalSection(SolutionConfigurationPlatforms) = preSolution
		Debug|Any CPU = Debug|Any CPU
		Release|Any CPU = Release|Any CPU
	EndGlobalSection
	GlobalSection(ProjectConfigurationPlatforms) = postSolution
		{BA69529F-4177-495D-804A-BA923D1CFDB3}.Debug|Any CPU.ActiveCfg = Debug|Any CPU
		{BA69529F-4177-495D-804A-BA923D1CFDB3}.Debug|Any CPU.Build.0 = Debug|Any CPU
		{BA69529F-4177-495D-804A-BA923D1CFDB3}.Release|Any CPU.ActiveCfg = Release|Any CPU
		{BA69529F-4177-495D-804A-BA923D1CFDB3}.Release|Any CPU.Build.0 = Release|Any CPU
		{DE51E104-8301-45F6-AF03-B3C0E362AAD5}.Debug|Any CPU.ActiveCfg = Debug|Any CPU
		{DE51E104-8301-45F6-AF03-B3C0E362AAD5}.Debug|Any CPU.Build.0 = Debug|Any CPU
		{DE51E104-8301-45F6-AF03-B3C0E362AAD5}.Release|Any CPU.ActiveCfg = Release|Any CPU
		{DE51E104-8301-45F6-AF03-B3C0E362AAD5}.Release|Any CPU.Build.0 = Release|Any CPU
	EndGlobalSection
EndGlobal
